{
  "meteor": {},
  "dependencies": {
    "basePackages": {
      "filepicker-plus": {}
    },
    "packages": {
      "filepicker-plus": {
        "git": "https://github.com/nate-strauser/meteor-filepicker-plus.git",
        "tag": "v1.2.1",
        "commit": "80b31d01c959b0687d6ff14ece275cfb9f2f63d2"
      }
    }
  }
}
